
Microsoft Visual Studio Solution File, Format Version 12.00
# Visual Studio 14
VisualStudioVersion = 14.0.25420.1
MinimumVisualStudioVersion = 10.0.40219.1
Project("{FAE04EC0-301F-11D3-BF4B-00C04F79EFBC}") = "ConApp", "ConApp\ConApp.csproj", "{B6B20340-6AB1-4E54-90B0-E35C99D74FAE}"
EndProject
Project("{FAE04EC0-301F-11D3-BF4B-00C04F79EFBC}") = "Shapes", "Shapes\Shapes.csproj", "{16C11AA9-9CC8-4F03-97E2-D6B6D6081F50}"
EndProject
Global
	GlobalSection(SolutionConfigurationPlatforms) = preSolution
		Debug|Any CPU = Debug|Any CPU
		Release|Any CPU = Release|Any CPU
	EndGlobalSection
	GlobalSection(ProjectConfigurationPlatforms) = postSolution
		{B6B20340-6AB1-4E54-90B0-E35C99D74FAE}.Debug|Any CPU.ActiveCfg = Debug|Any CPU
		{B6B20340-6AB1-4E54-90B0-E35C99D74FAE}.Debug|Any CPU.Build.0 = Debug|Any CPU
		{B6B20340-6AB1-4E54-90B0-E35C99D74FAE}.Release|Any CPU.ActiveCfg = Release|Any CPU
		{B6B20340-6AB1-4E54-90B0-E35C99D74FAE}.Release|Any CPU.Build.0 = Release|Any CPU
		{16C11AA9-9CC8-4F03-97E2-D6B6D6081F50}.Debug|Any CPU.ActiveCfg = Debug|Any CPU
		{16C11AA9-9CC8-4F03-97E2-D6B6D6081F50}.Debug|Any CPU.Build.0 = Debug|Any CPU
		{16C11AA9-9CC8-4F03-97E2-D6B6D6081F50}.Release|Any CPU.ActiveCfg = Release|Any CPU
		{16C11AA9-9CC8-4F03-97E2-D6B6D6081F50}.Release|Any CPU.Build.0 = Release|Any CPU
	EndGlobalSection
	GlobalSection(SolutionProperties) = preSolution
		HideSolutionNode = FALSE
	EndGlobalSection
EndGlobal
